
Microsoft Visual Studio Solution File, Format Version 12.00
# Visual Studio 2013
VisualStudioVersion = 12.0.21005.1
MinimumVisualStudioVersion = 10.0.40219.1
Project("{2150E333-8FDC-42A3-9474-1A3956D46DE8}") = "Solution Items", "Solution Items", "{35A6E939-7C56-4FBD-B06C-6454ADB05E2C}"
	ProjectSection(SolutionItems) = preProject
		..\ReadMe.txt = ..\ReadMe.txt
	EndProjectSection
EndProject
Project("{FAE04EC0-301F-11D3-BF4B-00C04F79EFBC}") = "Persisting-Changes", "Persisting-Changes\Persisting-Changes.csproj", "{05CB484F-59BE-48C3-BCE6-2A76C9778703}"
EndProject
Global
	GlobalSection(SolutionConfigurationPlatforms) = preSolution
		Debug|Any CPU = Debug|Any CPU
		Release|Any CPU = Release|Any CPU
	EndGlobalSection
	GlobalSection(ProjectConfigurationPlatforms) = postSolution
		{05CB484F-59BE-48C3-BCE6-2A76C9778703}.Debug|Any CPU.ActiveCfg = Debug|Any CPU
		{05CB484F-59BE-48C3-BCE6-2A76C9778703}.Debug|Any CPU.Build.0 = Debug|Any CPU
		{05CB484F-59BE-48C3-BCE6-2A76C9778703}.Release|Any CPU.ActiveCfg = Release|Any CPU
		{05CB484F-59BE-48C3-BCE6-2A76C9778703}.Release|Any CPU.Build.0 = Release|Any CPU
	EndGlobalSection
	GlobalSection(SolutionProperties) = preSolution
		HideSolutionNode = FALSE
	EndGlobalSection
EndGlobal
